
Microsoft Visual Studio Solution File, Format Version 12.00
# Visual Studio Version 17
VisualStudioVersion = 17.0.31903.59
MinimumVisualStudioVersion = 10.0.40219.1
Project("{2150E333-8FDC-42A3-9474-1A3956D46DE8}") = "src", "src", "{827E0CD3-B72D-47B6-A68D-7590B98EB39B}"
EndProject
Project("{FAE04EC0-301F-11D3-BF4B-00C04F79EFBC}") = "Unamora.Domain", "src\Unamora.Domain\Unamora.Domain.csproj", "{EDD26D42-65B1-4E30-85C9-7EC67B0A3D60}"
EndProject
Project("{FAE04EC0-301F-11D3-BF4B-00C04F79EFBC}") = "Unamora.Application", "src\Unamora.Application\Unamora.Application.csproj", "{BE6F0DCB-2CBF-43F6-95C3-9A86D47F3CBE}"
EndProject
Project("{FAE04EC0-301F-11D3-BF4B-00C04F79EFBC}") = "Unamora.Infrastructure", "src\Unamora.Infrastructure\Unamora.Infrastructure.csproj", "{DA0209A6-4635-439E-B374-7EB5B951E059}"
EndProject
Project("{FAE04EC0-301F-11D3-BF4B-00C04F79EFBC}") = "Unamora.Shared", "src\Unamora.Shared\Unamora.Shared.csproj", "{9B240AA2-4CA0-4C50-8E7C-1F30CA60EC9A}"
EndProject
Project("{FAE04EC0-301F-11D3-BF4B-00C04F79EFBC}") = "Unamora.Api", "src\Unamora.Api\Unamora.Api.csproj", "{B9A8EF0A-7C83-4A66-B186-293F445C1910}"
EndProject
Project("{FAE04EC0-301F-11D3-BF4B-00C04F79EFBC}") = "Unamora.Tests", "tests\Unamora.Tests\Unamora.Tests.csproj", "{1A08E3D3-1A38-4A26-A275-6D434A7130DD}"
EndProject
Global
	GlobalSection(SolutionConfigurationPlatforms) = preSolution
		Debug|Any CPU = Debug|Any CPU
		Debug|x64 = Debug|x64
		Debug|x86 = Debug|x86
		Release|Any CPU = Release|Any CPU
		Release|x64 = Release|x64
		Release|x86 = Release|x86
	EndGlobalSection
	GlobalSection(ProjectConfigurationPlatforms) = postSolution
		{EDD26D42-65B1-4E30-85C9-7EC67B0A3D60}.Debug|Any CPU.ActiveCfg = Debug|Any CPU
		{EDD26D42-65B1-4E30-85C9-7EC67B0A3D60}.Debug|Any CPU.Build.0 = Debug|Any CPU
		{EDD26D42-65B1-4E30-85C9-7EC67B0A3D60}.Debug|x64.ActiveCfg = Debug|Any CPU
		{EDD26D42-65B1-4E30-85C9-7EC67B0A3D60}.Debug|x64.Build.0 = Debug|Any CPU
		{EDD26D42-65B1-4E30-85C9-7EC67B0A3D60}.Debug|x86.ActiveCfg = Debug|Any CPU
		{EDD26D42-65B1-4E30-85C9-7EC67B0A3D60}.Debug|x86.Build.0 = Debug|Any CPU
		{EDD26D42-65B1-4E30-85C9-7EC67B0A3D60}.Release|Any CPU.ActiveCfg = Release|Any CPU
		{EDD26D42-65B1-4E30-85C9-7EC67B0A3D60}.Release|Any CPU.Build.0 = Release|Any CPU
		{EDD26D42-65B1-4E30-85C9-7EC67B0A3D60}.Release|x64.ActiveCfg = Release|Any CPU
		{EDD26D42-65B1-4E30-85C9-7EC67B0A3D60}.Release|x64.Build.0 = Release|Any CPU
		{EDD26D42-65B1-4E30-85C9-7EC67B0A3D60}.Release|x86.ActiveCfg = Release|Any CPU
		{EDD26D42-65B1-4E30-85C9-7EC67B0A3D60}.Release|x86.Build.0 = Release|Any CPU
		{BE6F0DCB-2CBF-43F6-95C3-9A86D47F3CBE}.Debug|Any CPU.ActiveCfg = Debug|Any CPU
		{BE6F0DCB-2CBF-43F6-95C3-9A86D47F3CBE}.Debug|Any CPU.Build.0 = Debug|Any CPU
		{BE6F0DCB-2CBF-43F6-95C3-9A86D47F3CBE}.Debug|x64.ActiveCfg = Debug|Any CPU
		{BE6F0DCB-2CBF-43F6-95C3-9A86D47F3CBE}.Debug|x64.Build.0 = Debug|Any CPU
		{BE6F0DCB-2CBF-43F6-95C3-9A86D47F3CBE}.Debug|x86.ActiveCfg = Debug|Any CPU
		{BE6F0DCB-2CBF-43F6-95C3-9A86D47F3CBE}.Debug|x86.Build.0 = Debug|Any CPU
		{BE6F0DCB-2CBF-43F6-95C3-9A86D47F3CBE}.Release|Any CPU.ActiveCfg = Release|Any CPU
		{BE6F0DCB-2CBF-43F6-95C3-9A86D47F3CBE}.Release|Any CPU.Build.0 = Release|Any CPU
		{BE6F0DCB-2CBF-43F6-95C3-9A86D47F3CBE}.Release|x64.ActiveCfg = Release|Any CPU
		{BE6F0DCB-2CBF-43F6-95C3-9A86D47F3CBE}.Release|x64.Build.0 = Release|Any CPU
		{BE6F0DCB-2CBF-43F6-95C3-9A86D47F3CBE}.Release|x86.ActiveCfg = Release|Any CPU
		{BE6F0DCB-2CBF-43F6-95C3-9A86D47F3CBE}.Release|x86.Build.0 = Release|Any CPU
		{DA0209A6-4635-439E-B374-7EB5B951E059}.Debug|Any CPU.ActiveCfg = Debug|Any CPU
		{DA0209A6-4635-439E-B374-7EB5B951E059}.Debug|Any CPU.Build.0 = Debug|Any CPU
		{DA0209A6-4635-439E-B374-7EB5B951E059}.Debug|x64.ActiveCfg = Debug|Any CPU
		{DA0209A6-4635-439E-B374-7EB5B951E059}.Debug|x64.Build.0 = Debug|Any CPU
		{DA0209A6-4635-439E-B374-7EB5B951E059}.Debug|x86.ActiveCfg = Debug|Any CPU
		{DA0209A6-4635-439E-B374-7EB5B951E059}.Debug|x86.Build.0 = Debug|Any CPU
		{DA0209A6-4635-439E-B374-7EB5B951E059}.Release|Any CPU.ActiveCfg = Release|Any CPU
		{DA0209A6-4635-439E-B374-7EB5B951E059}.Release|Any CPU.Build.0 = Release|Any CPU
		{DA0209A6-4635-439E-B374-7EB5B951E059}.Release|x64.ActiveCfg = Release|Any CPU
		{DA0209A6-4635-439E-B374-7EB5B951E059}.Release|x64.Build.0 = Release|Any CPU
		{DA0209A6-4635-439E-B374-7EB5B951E059}.Release|x86.ActiveCfg = Release|Any CPU
		{DA0209A6-4635-439E-B374-7EB5B951E059}.Release|x86.Build.0 = Release|Any CPU
		{9B240AA2-4CA0-4C50-8E7C-1F30CA60EC9A}.Debug|Any CPU.ActiveCfg = Debug|Any CPU
		{9B240AA2-4CA0-4C50-8E7C-1F30CA60EC9A}.Debug|Any CPU.Build.0 = Debug|Any CPU
		{9B240AA2-4CA0-4C50-8E7C-1F30CA60EC9A}.Debug|x64.ActiveCfg = Debug|Any CPU
		{9B240AA2-4CA0-4C50-8E7C-1F30CA60EC9A}.Debug|x64.Build.0 = Debug|Any CPU
		{9B240AA2-4CA0-4C50-8E7C-1F30CA60EC9A}.Debug|x86.ActiveCfg = Debug|Any CPU
		{9B240AA2-4CA0-4C50-8E7C-1F30CA60EC9A}.Debug|x86.Build.0 = Debug|Any CPU
		{9B240AA2-4CA0-4C50-8E7C-1F30CA60EC9A}.Release|Any CPU.ActiveCfg = Release|Any CPU
		{9B240AA2-4CA0-4C50-8E7C-1F30CA60EC9A}.Release|Any CPU.Build.0 = Release|Any CPU
		{9B240AA2-4CA0-4C50-8E7C-1F30CA60EC9A}.Release|x64.ActiveCfg = Release|Any CPU
		{9B240AA2-4CA0-4C50-8E7C-1F30CA60EC9A}.Release|x64.Build.0 = Release|Any CPU
		{9B240AA2-4CA0-4C50-8E7C-1F30CA60EC9A}.Release|x86.ActiveCfg = Release|Any CPU
		{9B240AA2-4CA0-4C50-8E7C-1F30CA60EC9A}.Release|x86.Build.0 = Release|Any CPU
		{B9A8EF0A-7C83-4A66-B186-293F445C1910}.Debug|Any CPU.ActiveCfg = Debug|Any CPU
		{B9A8EF0A-7C83-4A66-B186-293F445C1910}.Debug|Any CPU.Build.0 = Debug|Any CPU
		{B9A8EF0A-7C83-4A66-B186-293F445C1910}.Debug|x64.ActiveCfg = Debug|Any CPU
		{B9A8EF0A-7C83-4A66-B186-293F445C1910}.Debug|x64.Build.0 = Debug|Any CPU
		{B9A8EF0A-7C83-4A66-B186-293F445C1910}.Debug|x86.ActiveCfg = Debug|Any CPU
		{B9A8EF0A-7C83-4A66-B186-293F445C1910}.Debug|x86.Build.0 = Debug|Any CPU
		{B9A8EF0A-7C83-4A66-B186-293F445C1910}.Release|Any CPU.ActiveCfg = Release|Any CPU
		{B9A8EF0A-7C83-4A66-B186-293F445C1910}.Release|Any CPU.Build.0 = Release|Any CPU
		{B9A8EF0A-7C83-4A66-B186-293F445C1910}.Release|x64.ActiveCfg = Release|Any CPU
		{B9A8EF0A-7C83-4A66-B186-293F445C1910}.Release|x64.Build.0 = Release|Any CPU
		{B9A8EF0A-7C83-4A66-B186-293F445C1910}.Release|x86.ActiveCfg = Release|Any CPU
		{B9A8EF0A-7C83-4A66-B186-293F445C1910}.Release|x86.Build.0 = Release|Any CPU
		{1A08E3D3-1A38-4A26-A275-6D434A7130DD}.Debug|Any CPU.ActiveCfg = Debug|Any CPU
		{1A08E3D3-1A38-4A26-A275-6D434A7130DD}.Debug|Any CPU.Build.0 = Debug|Any CPU
		{1A08E3D3-1A38-4A26-A275-6D434A7130DD}.Debug|x64.ActiveCfg = Debug|Any CPU
		{1A08E3D3-1A38-4A26-A275-6D434A7130DD}.Debug|x64.Build.0 = Debug|Any CPU
		{1A08E3D3-1A38-4A26-A275-6D434A7130DD}.Debug|x86.ActiveCfg = Debug|Any CPU
		{1A08E3D3-1A38-4A26-A275-6D434A7130DD}.Debug|x86.Build.0 = Debug|Any CPU
		{1A08E3D3-1A38-4A26-A275-6D434A7130DD}.Release|Any CPU.ActiveCfg = Release|Any CPU
		{1A08E3D3-1A38-4A26-A275-6D434A7130DD}.Release|Any CPU.Build.0 = Release|Any CPU
		{1A08E3D3-1A38-4A26-A275-6D434A7130DD}.Release|x64.ActiveCfg = Release|Any CPU
		{1A08E3D3-1A38-4A26-A275-6D434A7130DD}.Release|x64.Build.0 = Release|Any CPU
		{1A08E3D3-1A38-4A26-A275-6D434A7130DD}.Release|x86.ActiveCfg = Release|Any CPU
		{1A08E3D3-1A38-4A26-A275-6D434A7130DD}.Release|x86.Build.0 = Release|Any CPU
	EndGlobalSection
	GlobalSection(SolutionProperties) = preSolution
		HideSolutionNode = FALSE
	EndGlobalSection
	GlobalSection(NestedProjects) = preSolution
		{EDD26D42-65B1-4E30-85C9-7EC67B0A3D60} = {827E0CD3-B72D-47B6-A68D-7590B98EB39B}
		{BE6F0DCB-2CBF-43F6-95C3-9A86D47F3CBE} = {827E0CD3-B72D-47B6-A68D-7590B98EB39B}
		{DA0209A6-4635-439E-B374-7EB5B951E059} = {827E0CD3-B72D-47B6-A68D-7590B98EB39B}
		{9B240AA2-4CA0-4C50-8E7C-1F30CA60EC9A} = {827E0CD3-B72D-47B6-A68D-7590B98EB39B}
		{B9A8EF0A-7C83-4A66-B186-293F445C1910} = {827E0CD3-B72D-47B6-A68D-7590B98EB39B}
		{1A08E3D3-1A38-4A26-A275-6D434A7130DD} = {827E0CD3-B72D-47B6-A68D-7590B98EB39B}
	EndGlobalSection
EndGlobal
